// !$*UTF8*$!
{
	archiveVersion = 1;
	classes = {
	};
	objectVersion = 48;
	objects = {

/* Begin PBXBuildFile section */
		004555CE929B911788273CA7 /* ProductsRouterInput.swift in Sources */ = {isa = PBXBuildFile; fileRef = 9F5D9190EFC73C3D1C2E6C0A /* ProductsRouterInput.swift */; };
		185C3E6120DA301700A4AAC5 /* Settings.storyboard in Resources */ = {isa = PBXBuildFile; fileRef = 185C3E6020DA301700A4AAC5 /* Settings.storyboard */; };
		185C3E6320DA342200A4AAC5 /* Profile.storyboard in Resources */ = {isa = PBXBuildFile; fileRef = 185C3E6220DA342200A4AAC5 /* Profile.storyboard */; };
		185C3E6520DA4D4000A4AAC5 /* ProductType.swift in Sources */ = {isa = PBXBuildFile; fileRef = 185C3E6420DA4D4000A4AAC5 /* ProductType.swift */; };
		185C3E6720DA868400A4AAC5 /* HomeViewController.swift in Sources */ = {isa = PBXBuildFile; fileRef = 185C3E6620DA868400A4AAC5 /* HomeViewController.swift */; };
		18BE8FA920DCE507009660C4 /* ProductsPagerRouter.swift in Sources */ = {isa = PBXBuildFile; fileRef = 18BE8FA820DCE507009660C4 /* ProductsPagerRouter.swift */; };
		18BE8FAB20DCE51B009660C4 /* ProductsPagerViewController.swift in Sources */ = {isa = PBXBuildFile; fileRef = 18BE8FAA20DCE51B009660C4 /* ProductsPagerViewController.swift */; };
		18BE8FAF20DCE55D009660C4 /* ProductsPagerRouterInput.swift in Sources */ = {isa = PBXBuildFile; fileRef = 18BE8FAE20DCE55D009660C4 /* ProductsPagerRouterInput.swift */; };
		18BE8FB120DCE62B009660C4 /* PagerItemProtocol.swift in Sources */ = {isa = PBXBuildFile; fileRef = 18BE8FB020DCE62B009660C4 /* PagerItemProtocol.swift */; };
		1CF515B9703BD2CB6C31174B /* SettingsInteractorInput.swift in Sources */ = {isa = PBXBuildFile; fileRef = E26C41B2A4BCD6C0D406C3ED /* SettingsInteractorInput.swift */; };
		24F97E276F5AFF810D3305DB /* ProductsViewOutput.swift in Sources */ = {isa = PBXBuildFile; fileRef = F079F239954163E6A608136D /* ProductsViewOutput.swift */; };
		2F7275A7D01BF11752E4D1A2 /* Pods_ViperApp.framework in Frameworks */ = {isa = PBXBuildFile; fileRef = F49478C970F9CEE007E03A89 /* Pods_ViperApp.framework */; };
		31AABB5F1301C4848D8D2215 /* ProfileInteractorOutput.swift in Sources */ = {isa = PBXBuildFile; fileRef = 40FD20EC37C7077561F6389C /* ProfileInteractorOutput.swift */; };
		3A7CBDA4D591B0D4EE5ADEBC /* ProfileInteractor.swift in Sources */ = {isa = PBXBuildFile; fileRef = 8DEAD6BE4339FD4B4B64C465 /* ProfileInteractor.swift */; };
		41E4451412FABCDD2E57B6EF /* ProfileViewController.swift in Sources */ = {isa = PBXBuildFile; fileRef = 88673C7FCAAF21D54B0B5E43 /* ProfileViewController.swift */; };
		4F8FEDE21725AF11CA70FBC3 /* ProfileModuleInput.swift in Sources */ = {isa = PBXBuildFile; fileRef = EFDB9329C6A1B16CD0204BCC /* ProfileModuleInput.swift */; };
		5BEF67C5260BF31DE9D17D22 /* SettingsViewOutput.swift in Sources */ = {isa = PBXBuildFile; fileRef = BF33DFB5739ADCDE78E32152 /* SettingsViewOutput.swift */; };
		60C966A32E713A07CE6ABCBA /* SettingsPresenter.swift in Sources */ = {isa = PBXBuildFile; fileRef = 9D6032F3429D43EBC2645822 /* SettingsPresenter.swift */; };
		6369353393746FAA2E5E0FD1 /* ProductsInteractor.swift in Sources */ = {isa = PBXBuildFile; fileRef = 2F657275A0E64741076B12BD /* ProductsInteractor.swift */; };
		67D41F8520D97A4800FF12E5 /* AppDelegate.swift in Sources */ = {isa = PBXBuildFile; fileRef = 67D41F8420D97A4800FF12E5 /* AppDelegate.swift */; };
		67D41F8720D97A4800FF12E5 /* ViewController.swift in Sources */ = {isa = PBXBuildFile; fileRef = 67D41F8620D97A4800FF12E5 /* ViewController.swift */; };
		67D41F8A20D97A4800FF12E5 /* Main.storyboard in Resources */ = {isa = PBXBuildFile; fileRef = 67D41F8820D97A4800FF12E5 /* Main.storyboard */; };
		67D41F8C20D97A4800FF12E5 /* Assets.xcassets in Resources */ = {isa = PBXBuildFile; fileRef = 67D41F8B20D97A4800FF12E5 /* Assets.xcassets */; };
		67D41F8F20D97A4800FF12E5 /* LaunchScreen.storyboard in Resources */ = {isa = PBXBuildFile; fileRef = 67D41F8D20D97A4800FF12E5 /* LaunchScreen.storyboard */; };
		67D41F9B20D97DD300FF12E5 /* Storyboards.swift in Sources */ = {isa = PBXBuildFile; fileRef = 67D41F9A20D97DD300FF12E5 /* Storyboards.swift */; };
		67D41F9D20D97E0C00FF12E5 /* UIViewController+Extension.swift in Sources */ = {isa = PBXBuildFile; fileRef = 67D41F9C20D97E0C00FF12E5 /* UIViewController+Extension.swift */; };
		67D41F9F20D983C100FF12E5 /* Common.storyboard in Resources */ = {isa = PBXBuildFile; fileRef = 67D41F9E20D983C100FF12E5 /* Common.storyboard */; };
		67F4ED3620D9A0D6008C6ED0 /* RootRouterProtocol.swift in Sources */ = {isa = PBXBuildFile; fileRef = 67F4ED3520D9A0D6008C6ED0 /* RootRouterProtocol.swift */; };
		67F4ED3820D9A0DC008C6ED0 /* RootRouter.swift in Sources */ = {isa = PBXBuildFile; fileRef = 67F4ED3720D9A0DC008C6ED0 /* RootRouter.swift */; };
		67F4ED3C20D9A67A008C6ED0 /* Product.storyboard in Resources */ = {isa = PBXBuildFile; fileRef = 67F4ED3B20D9A67A008C6ED0 /* Product.storyboard */; };
		67F4ED4020D9A90F008C6ED0 /* HomeRouterDelegate.swift in Sources */ = {isa = PBXBuildFile; fileRef = 67F4ED3F20D9A90F008C6ED0 /* HomeRouterDelegate.swift */; };
		67F4ED4220D9A92A008C6ED0 /* TabBarItemType.swift in Sources */ = {isa = PBXBuildFile; fileRef = 67F4ED4120D9A92A008C6ED0 /* TabBarItemType.swift */; };
		67F4ED4420D9A9B1008C6ED0 /* HomeTabBarItemRouterProtocol.swift in Sources */ = {isa = PBXBuildFile; fileRef = 67F4ED4320D9A9B1008C6ED0 /* HomeTabBarItemRouterProtocol.swift */; };
		6D316707D530AAEBBD1E0FA5 /* ProductsInteractorOutput.swift in Sources */ = {isa = PBXBuildFile; fileRef = 06407C64FE70BFA9DA406A40 /* ProductsInteractorOutput.swift */; };
		70153757308AAF6C8E958190 /* ProductsConfigurator.swift in Sources */ = {isa = PBXBuildFile; fileRef = 38E7AE25D168E24F2C541981 /* ProductsConfigurator.swift */; };
		706C78D27ED292354E644980 /* SettingsConfigurator.swift in Sources */ = {isa = PBXBuildFile; fileRef = 3A43C6640279998D4BCE340C /* SettingsConfigurator.swift */; };
		7112193CB64C3CF605715864 /* ProductsPresenter.swift in Sources */ = {isa = PBXBuildFile; fileRef = 8C8879A0676DC2DDC8547BE4 /* ProductsPresenter.swift */; };
		7CB04E4575BE67FB41C4865A /* ProfileConfigurator.swift in Sources */ = {isa = PBXBuildFile; fileRef = DEBD9CF9284A0FA3395B15BE /* ProfileConfigurator.swift */; };
		8D6CE3BB0B3FC5F15850C563 /* SettingsRouterInput.swift in Sources */ = {isa = PBXBuildFile; fileRef = 6C21367C421260B67C21BC12 /* SettingsRouterInput.swift */; };
		927BF58249E4C38E93D5AD18 /* ProfileInteractorInput.swift in Sources */ = {isa = PBXBuildFile; fileRef = 0304DBD5A88A0CEFA98870C4 /* ProfileInteractorInput.swift */; };
		9C59B8E7772FF735842746D0 /* ProductsModuleInput.swift in Sources */ = {isa = PBXBuildFile; fileRef = 94D5AC976055E26758B3614F /* ProductsModuleInput.swift */; };
		9D82435F6E8AA89D903CC97B /* ProfileInitializer.swift in Sources */ = {isa = PBXBuildFile; fileRef = 74C6A59F01297EC44579B54A /* ProfileInitializer.swift */; };
		9F303A82FBCCC19616B337E6 /* ProductsInitializer.swift in Sources */ = {isa = PBXBuildFile; fileRef = 2B30B7D315C3D65656F7C1DA /* ProductsInitializer.swift */; };
		A088345AA2E282DF4F49B96B /* ProfileViewInput.swift in Sources */ = {isa = PBXBuildFile; fileRef = 656BB2F70B000EF85F91568B /* ProfileViewInput.swift */; };
		A1759614BA98C5B1D7E69596 /* ProductsViewController.swift in Sources */ = {isa = PBXBuildFile; fileRef = 49CB94941B3341D50E1672AF /* ProductsViewController.swift */; };
		AC87E351BE80D30B2561739D /* SettingsViewInput.swift in Sources */ = {isa = PBXBuildFile; fileRef = ADBF39B4430EF7375B1C2654 /* SettingsViewInput.swift */; };
		B095B4A4E04C677A043ED780 /* SettingsRouter.swift in Sources */ = {isa = PBXBuildFile; fileRef = 562453BBF249F0F8C9C357EA /* SettingsRouter.swift */; };
		B0BF6D1F92D541F1C22EAA5C /* ProductsRouter.swift in Sources */ = {isa = PBXBuildFile; fileRef = 58C66842CDEDB66C11607770 /* ProductsRouter.swift */; };
		B5264C84512305AAF43BA86E /* SettingsModuleInput.swift in Sources */ = {isa = PBXBuildFile; fileRef = 737F047185A11C688424991E /* SettingsModuleInput.swift */; };
		B560D75E6770262C880CB93A /* ProductsViewInput.swift in Sources */ = {isa = PBXBuildFile; fileRef = 5C2D0D0A89DDCCE11E2D2D6B /* ProductsViewInput.swift */; };
		B59E3A7094AF73E00169DFCF /* ProfileRouterInput.swift in Sources */ = {isa = PBXBuildFile; fileRef = E18F2108D414DD781BD6BE41 /* ProfileRouterInput.swift */; };
		BB53DB1C76BDB956006BDAE3 /* ProfilePresenter.swift in Sources */ = {isa = PBXBuildFile; fileRef = 5EB1382319BFBF6A4B55F5E4 /* ProfilePresenter.swift */; };
		C24BB7F9270C855BA356DC8B /* ProfileRouter.swift in Sources */ = {isa = PBXBuildFile; fileRef = 76B6FA011201EC92D36D2683 /* ProfileRouter.swift */; };
		C5B875FE2D09F55E807F0198 /* ProfileViewOutput.swift in Sources */ = {isa = PBXBuildFile; fileRef = BD993329865DA973CA0378EC /* ProfileViewOutput.swift */; };
		CD519D607C75913F567510BB /* ProductsInteractorInput.swift in Sources */ = {isa = PBXBuildFile; fileRef = C6B214B933DF3A5AA8A5C500 /* ProductsInteractorInput.swift */; };
		D200C2E5331E286F81B8825D /* SettingsInteractorOutput.swift in Sources */ = {isa = PBXBuildFile; fileRef = 0DABF62A3AC6C0C2DC87EB3C /* SettingsInteractorOutput.swift */; };
		DDEB3D56841F7189BD8B5296 /* HomeRouter.swift in Sources */ = {isa = PBXBuildFile; fileRef = 7D67E0C6D344DC2F397F2991 /* HomeRouter.swift */; };
		E817B1013AAF1ABCE810A01C /* SettingsViewController.swift in Sources */ = {isa = PBXBuildFile; fileRef = E46A03EA655C5757041C2E15 /* SettingsViewController.swift */; };
		F4DD40EC40030E04BC3E3593 /* SettingsInitializer.swift in Sources */ = {isa = PBXBuildFile; fileRef = 1DB27782AC923FC449B087FE /* SettingsInitializer.swift */; };
		F7F0476C44633B7F6BE3661C /* SettingsInteractor.swift in Sources */ = {isa = PBXBuildFile; fileRef = 8AAD28FD079825E1F22D0DCA /* SettingsInteractor.swift */; };
/* End PBXBuildFile section */

/* Begin PBXFileReference section */
		0304DBD5A88A0CEFA98870C4 /* ProfileInteractorInput.swift */ = {isa = PBXFileReference; includeInIndex = 1; lastKnownFileType = sourcecode.swift; path = ProfileInteractorInput.swift; sourceTree = "<group>"; };
		06407C64FE70BFA9DA406A40 /* ProductsInteractorOutput.swift */ = {isa = PBXFileReference; includeInIndex = 1; lastKnownFileType = sourcecode.swift; path = ProductsInteractorOutput.swift; sourceTree = "<group>"; };
		0DABF62A3AC6C0C2DC87EB3C /* SettingsInteractorOutput.swift */ = {isa = PBXFileReference; includeInIndex = 1; lastKnownFileType = sourcecode.swift; path = SettingsInteractorOutput.swift; sourceTree = "<group>"; };
		185C3E6020DA301700A4AAC5 /* Settings.storyboard */ = {isa = PBXFileReference; lastKnownFileType = file.storyboard; path = Settings.storyboard; sourceTree = "<group>"; };
		185C3E6220DA342200A4AAC5 /* Profile.storyboard */ = {isa = PBXFileReference; lastKnownFileType = file.storyboard; path = Profile.storyboard; sourceTree = "<group>"; };
		185C3E6420DA4D4000A4AAC5 /* ProductType.swift */ = {isa = PBXFileReference; lastKnownFileType = sourcecode.swift; path = ProductType.swift; sourceTree = "<group>"; };
		185C3E6620DA868400A4AAC5 /* HomeViewController.swift */ = {isa = PBXFileReference; fileEncoding = 4; lastKnownFileType = sourcecode.swift; path = HomeViewController.swift; sourceTree = "<group>"; };
		18BE8FA820DCE507009660C4 /* ProductsPagerRouter.swift */ = {isa = PBXFileReference; lastKnownFileType = sourcecode.swift; path = ProductsPagerRouter.swift; sourceTree = "<group>"; };
		18BE8FAA20DCE51B009660C4 /* ProductsPagerViewController.swift */ = {isa = PBXFileReference; lastKnownFileType = sourcecode.swift; path = ProductsPagerViewController.swift; sourceTree = "<group>"; };
		18BE8FAE20DCE55D009660C4 /* ProductsPagerRouterInput.swift */ = {isa = PBXFileReference; lastKnownFileType = sourcecode.swift; path = ProductsPagerRouterInput.swift; sourceTree = "<group>"; };
		18BE8FB020DCE62B009660C4 /* PagerItemProtocol.swift */ = {isa = PBXFileReference; lastKnownFileType = sourcecode.swift; path = PagerItemProtocol.swift; sourceTree = "<group>"; };
		1DB27782AC923FC449B087FE /* SettingsInitializer.swift */ = {isa = PBXFileReference; includeInIndex = 1; lastKnownFileType = sourcecode.swift; path = SettingsInitializer.swift; sourceTree = "<group>"; };
		2B30B7D315C3D65656F7C1DA /* ProductsInitializer.swift */ = {isa = PBXFileReference; includeInIndex = 1; lastKnownFileType = sourcecode.swift; path = ProductsInitializer.swift; sourceTree = "<group>"; };
		2F657275A0E64741076B12BD /* ProductsInteractor.swift */ = {isa = PBXFileReference; includeInIndex = 1; lastKnownFileType = sourcecode.swift; path = ProductsInteractor.swift; sourceTree = "<group>"; };
		38E7AE25D168E24F2C541981 /* ProductsConfigurator.swift */ = {isa = PBXFileReference; includeInIndex = 1; lastKnownFileType = sourcecode.swift; path = ProductsConfigurator.swift; sourceTree = "<group>"; };
		3A43C6640279998D4BCE340C /* SettingsConfigurator.swift */ = {isa = PBXFileReference; includeInIndex = 1; lastKnownFileType = sourcecode.swift; path = SettingsConfigurator.swift; sourceTree = "<group>"; };
		40FD20EC37C7077561F6389C /* ProfileInteractorOutput.swift */ = {isa = PBXFileReference; includeInIndex = 1; lastKnownFileType = sourcecode.swift; path = ProfileInteractorOutput.swift; sourceTree = "<group>"; };
		49CB94941B3341D50E1672AF /* ProductsViewController.swift */ = {isa = PBXFileReference; includeInIndex = 1; lastKnownFileType = sourcecode.swift; path = ProductsViewController.swift; sourceTree = "<group>"; };
		562453BBF249F0F8C9C357EA /* SettingsRouter.swift */ = {isa = PBXFileReference; includeInIndex = 1; lastKnownFileType = sourcecode.swift; path = SettingsRouter.swift; sourceTree = "<group>"; };
		58C66842CDEDB66C11607770 /* ProductsRouter.swift */ = {isa = PBXFileReference; includeInIndex = 1; lastKnownFileType = sourcecode.swift; path = ProductsRouter.swift; sourceTree = "<group>"; };
		5C2D0D0A89DDCCE11E2D2D6B /* ProductsViewInput.swift */ = {isa = PBXFileReference; includeInIndex = 1; lastKnownFileType = sourcecode.swift; path = ProductsViewInput.swift; sourceTree = "<group>"; };
		5EB1382319BFBF6A4B55F5E4 /* ProfilePresenter.swift */ = {isa = PBXFileReference; includeInIndex = 1; lastKnownFileType = sourcecode.swift; path = ProfilePresenter.swift; sourceTree = "<group>"; };
		656BB2F70B000EF85F91568B /* ProfileViewInput.swift */ = {isa = PBXFileReference; includeInIndex = 1; lastKnownFileType = sourcecode.swift; path = ProfileViewInput.swift; sourceTree = "<group>"; };
		67D41F8120D97A4800FF12E5 /* ViperApp.app */ = {isa = PBXFileReference; explicitFileType = wrapper.application; includeInIndex = 0; path = ViperApp.app; sourceTree = BUILT_PRODUCTS_DIR; };
		67D41F8420D97A4800FF12E5 /* AppDelegate.swift */ = {isa = PBXFileReference; lastKnownFileType = sourcecode.swift; path = AppDelegate.swift; sourceTree = "<group>"; };
		67D41F8620D97A4800FF12E5 /* ViewController.swift */ = {isa = PBXFileReference; lastKnownFileType = sourcecode.swift; path = ViewController.swift; sourceTree = "<group>"; };
		67D41F8920D97A4800FF12E5 /* Base */ = {isa = PBXFileReference; lastKnownFileType = file.storyboard; name = Base; path = Base.lproj/Main.storyboard; sourceTree = "<group>"; };
		67D41F8B20D97A4800FF12E5 /* Assets.xcassets */ = {isa = PBXFileReference; lastKnownFileType = folder.assetcatalog; path = Assets.xcassets; sourceTree = "<group>"; };
		67D41F8E20D97A4800FF12E5 /* Base */ = {isa = PBXFileReference; lastKnownFileType = file.storyboard; name = Base; path = Base.lproj/LaunchScreen.storyboard; sourceTree = "<group>"; };
		67D41F9020D97A4800FF12E5 /* Info.plist */ = {isa = PBXFileReference; lastKnownFileType = text.plist.xml; path = Info.plist; sourceTree = "<group>"; };
		67D41F9A20D97DD300FF12E5 /* Storyboards.swift */ = {isa = PBXFileReference; lastKnownFileType = sourcecode.swift; path = Storyboards.swift; sourceTree = "<group>"; };
		67D41F9C20D97E0C00FF12E5 /* UIViewController+Extension.swift */ = {isa = PBXFileReference; lastKnownFileType = sourcecode.swift; path = "UIViewController+Extension.swift"; sourceTree = "<group>"; };
		67D41F9E20D983C100FF12E5 /* Common.storyboard */ = {isa = PBXFileReference; lastKnownFileType = file.storyboard; path = Common.storyboard; sourceTree = "<group>"; };
		67F4ED3520D9A0D6008C6ED0 /* RootRouterProtocol.swift */ = {isa = PBXFileReference; lastKnownFileType = sourcecode.swift; path = RootRouterProtocol.swift; sourceTree = "<group>"; };
		67F4ED3720D9A0DC008C6ED0 /* RootRouter.swift */ = {isa = PBXFileReference; lastKnownFileType = sourcecode.swift; path = RootRouter.swift; sourceTree = "<group>"; };
		67F4ED3B20D9A67A008C6ED0 /* Product.storyboard */ = {isa = PBXFileReference; lastKnownFileType = file.storyboard; path = Product.storyboard; sourceTree = "<group>"; };
		67F4ED3F20D9A90F008C6ED0 /* HomeRouterDelegate.swift */ = {isa = PBXFileReference; lastKnownFileType = sourcecode.swift; path = HomeRouterDelegate.swift; sourceTree = "<group>"; };
		67F4ED4120D9A92A008C6ED0 /* TabBarItemType.swift */ = {isa = PBXFileReference; lastKnownFileType = sourcecode.swift; path = TabBarItemType.swift; sourceTree = "<group>"; };
		67F4ED4320D9A9B1008C6ED0 /* HomeTabBarItemRouterProtocol.swift */ = {isa = PBXFileReference; fileEncoding = 4; lastKnownFileType = sourcecode.swift; path = HomeTabBarItemRouterProtocol.swift; sourceTree = "<group>"; };
		6C21367C421260B67C21BC12 /* SettingsRouterInput.swift */ = {isa = PBXFileReference; includeInIndex = 1; lastKnownFileType = sourcecode.swift; path = SettingsRouterInput.swift; sourceTree = "<group>"; };
		737F047185A11C688424991E /* SettingsModuleInput.swift */ = {isa = PBXFileReference; includeInIndex = 1; lastKnownFileType = sourcecode.swift; path = SettingsModuleInput.swift; sourceTree = "<group>"; };
		74C6A59F01297EC44579B54A /* ProfileInitializer.swift */ = {isa = PBXFileReference; includeInIndex = 1; lastKnownFileType = sourcecode.swift; path = ProfileInitializer.swift; sourceTree = "<group>"; };
		76B6FA011201EC92D36D2683 /* ProfileRouter.swift */ = {isa = PBXFileReference; includeInIndex = 1; lastKnownFileType = sourcecode.swift; path = ProfileRouter.swift; sourceTree = "<group>"; };
		76BE1447D9B2009563867580 /* Pods-ViperApp.debug.xcconfig */ = {isa = PBXFileReference; includeInIndex = 1; lastKnownFileType = text.xcconfig; name = "Pods-ViperApp.debug.xcconfig"; path = "Pods/Target Support Files/Pods-ViperApp/Pods-ViperApp.debug.xcconfig"; sourceTree = "<group>"; };
		7D67E0C6D344DC2F397F2991 /* HomeRouter.swift */ = {isa = PBXFileReference; includeInIndex = 1; lastKnownFileType = sourcecode.swift; path = HomeRouter.swift; sourceTree = "<group>"; };
		88673C7FCAAF21D54B0B5E43 /* ProfileViewController.swift */ = {isa = PBXFileReference; includeInIndex = 1; lastKnownFileType = sourcecode.swift; path = ProfileViewController.swift; sourceTree = "<group>"; };
		8AAD28FD079825E1F22D0DCA /* SettingsInteractor.swift */ = {isa = PBXFileReference; includeInIndex = 1; lastKnownFileType = sourcecode.swift; path = SettingsInteractor.swift; sourceTree = "<group>"; };
		8C8879A0676DC2DDC8547BE4 /* ProductsPresenter.swift */ = {isa = PBXFileReference; includeInIndex = 1; lastKnownFileType = sourcecode.swift; path = ProductsPresenter.swift; sourceTree = "<group>"; };
		8DEAD6BE4339FD4B4B64C465 /* ProfileInteractor.swift */ = {isa = PBXFileReference; includeInIndex = 1; lastKnownFileType = sourcecode.swift; path = ProfileInteractor.swift; sourceTree = "<group>"; };
		94D5AC976055E26758B3614F /* ProductsModuleInput.swift */ = {isa = PBXFileReference; includeInIndex = 1; lastKnownFileType = sourcecode.swift; path = ProductsModuleInput.swift; sourceTree = "<group>"; };
		9D6032F3429D43EBC2645822 /* SettingsPresenter.swift */ = {isa = PBXFileReference; includeInIndex = 1; lastKnownFileType = sourcecode.swift; path = SettingsPresenter.swift; sourceTree = "<group>"; };
		9F5D9190EFC73C3D1C2E6C0A /* ProductsRouterInput.swift */ = {isa = PBXFileReference; includeInIndex = 1; lastKnownFileType = sourcecode.swift; path = ProductsRouterInput.swift; sourceTree = "<group>"; };
		ADBF39B4430EF7375B1C2654 /* SettingsViewInput.swift */ = {isa = PBXFileReference; includeInIndex = 1; lastKnownFileType = sourcecode.swift; path = SettingsViewInput.swift; sourceTree = "<group>"; };
		B166D8F798FE21192E838CDE /* Pods-ViperApp.release.xcconfig */ = {isa = PBXFileReference; includeInIndex = 1; lastKnownFileType = text.xcconfig; name = "Pods-ViperApp.release.xcconfig"; path = "Pods/Target Support Files/Pods-ViperApp/Pods-ViperApp.release.xcconfig"; sourceTree = "<group>"; };
		BD993329865DA973CA0378EC /* ProfileViewOutput.swift */ = {isa = PBXFileReference; includeInIndex = 1; lastKnownFileType = sourcecode.swift; path = ProfileViewOutput.swift; sourceTree = "<group>"; };
		BF33DFB5739ADCDE78E32152 /* SettingsViewOutput.swift */ = {isa = PBXFileReference; includeInIndex = 1; lastKnownFileType = sourcecode.swift; path = SettingsViewOutput.swift; sourceTree = "<group>"; };
		C6B214B933DF3A5AA8A5C500 /* ProductsInteractorInput.swift */ = {isa = PBXFileReference; includeInIndex = 1; lastKnownFileType = sourcecode.swift; path = ProductsInteractorInput.swift; sourceTree = "<group>"; };
		DEBD9CF9284A0FA3395B15BE /* ProfileConfigurator.swift */ = {isa = PBXFileReference; includeInIndex = 1; lastKnownFileType = sourcecode.swift; path = ProfileConfigurator.swift; sourceTree = "<group>"; };
		E18F2108D414DD781BD6BE41 /* ProfileRouterInput.swift */ = {isa = PBXFileReference; includeInIndex = 1; lastKnownFileType = sourcecode.swift; path = ProfileRouterInput.swift; sourceTree = "<group>"; };
		E26C41B2A4BCD6C0D406C3ED /* SettingsInteractorInput.swift */ = {isa = PBXFileReference; includeInIndex = 1; lastKnownFileType = sourcecode.swift; path = SettingsInteractorInput.swift; sourceTree = "<group>"; };
		E46A03EA655C5757041C2E15 /* SettingsViewController.swift */ = {isa = PBXFileReference; includeInIndex = 1; lastKnownFileType = sourcecode.swift; path = SettingsViewController.swift; sourceTree = "<group>"; };
		EFDB9329C6A1B16CD0204BCC /* ProfileModuleInput.swift */ = {isa = PBXFileReference; includeInIndex = 1; lastKnownFileType = sourcecode.swift; path = ProfileModuleInput.swift; sourceTree = "<group>"; };
		F079F239954163E6A608136D /* ProductsViewOutput.swift */ = {isa = PBXFileReference; includeInIndex = 1; lastKnownFileType = sourcecode.swift; path = ProductsViewOutput.swift; sourceTree = "<group>"; };
		F49478C970F9CEE007E03A89 /* Pods_ViperApp.framework */ = {isa = PBXFileReference; explicitFileType = wrapper.framework; includeInIndex = 0; path = Pods_ViperApp.framework; sourceTree = BUILT_PRODUCTS_DIR; };
/* End PBXFileReference section */

/* Begin PBXFrameworksBuildPhase section */
		67D41F7E20D97A4800FF12E5 /* Frameworks */ = {
			isa = PBXFrameworksBuildPhase;
			buildActionMask = 2147483647;
			files = (
				2F7275A7D01BF11752E4D1A2 /* Pods_ViperApp.framework in Frameworks */,
			);
			runOnlyForDeploymentPostprocessing = 0;
		};
/* End PBXFrameworksBuildPhase section */

/* Begin PBXGroup section */
		0FCABE8E9FDD85A26644FC85 /* Pods */ = {
			isa = PBXGroup;
			children = (
				76BE1447D9B2009563867580 /* Pods-ViperApp.debug.xcconfig */,
				B166D8F798FE21192E838CDE /* Pods-ViperApp.release.xcconfig */,
			);
			name = Pods;
			sourceTree = "<group>";
		};
		11719A733ECE39B1C46DE681 /* Home */ = {
			isa = PBXGroup;
			children = (
				8B0D09DBE3C8DA916252E03D /* View */,
				251D09B387F2621278BFB0A5 /* Router */,
			);
			path = Home;
			sourceTree = "<group>";
		};
		18BE8FA720DCE4F4009660C4 /* ProductsPager */ = {
			isa = PBXGroup;
			children = (
				18BE8FAD20DCE52A009660C4 /* Router */,
				18BE8FAC20DCE526009660C4 /* View */,
			);
			path = ProductsPager;
			sourceTree = "<group>";
		};
		18BE8FAC20DCE526009660C4 /* View */ = {
			isa = PBXGroup;
			children = (
				18BE8FAA20DCE51B009660C4 /* ProductsPagerViewController.swift */,
			);
			path = View;
			sourceTree = "<group>";
		};
		18BE8FAD20DCE52A009660C4 /* Router */ = {
			isa = PBXGroup;
			children = (
				18BE8FA820DCE507009660C4 /* ProductsPagerRouter.swift */,
				18BE8FAE20DCE55D009660C4 /* ProductsPagerRouterInput.swift */,
				18BE8FB020DCE62B009660C4 /* PagerItemProtocol.swift */,
			);
			path = Router;
			sourceTree = "<group>";
		};
		251D09B387F2621278BFB0A5 /* Router */ = {
			isa = PBXGroup;
			children = (
				67F4ED4320D9A9B1008C6ED0 /* HomeTabBarItemRouterProtocol.swift */,
				7D67E0C6D344DC2F397F2991 /* HomeRouter.swift */,
				67F4ED3F20D9A90F008C6ED0 /* HomeRouterDelegate.swift */,
			);
			path = Router;
			sourceTree = "<group>";
		};
		26EEB96E19D5FAEE72AC7A6D /* Presenter */ = {
			isa = PBXGroup;
			children = (
				EFDB9329C6A1B16CD0204BCC /* ProfileModuleInput.swift */,
				5EB1382319BFBF6A4B55F5E4 /* ProfilePresenter.swift */,
			);
			path = Presenter;
			sourceTree = "<group>";
		};
		2BA25D5903A1DE998B5136C4 /* View */ = {
			isa = PBXGroup;
			children = (
				5C2D0D0A89DDCCE11E2D2D6B /* ProductsViewInput.swift */,
				F079F239954163E6A608136D /* ProductsViewOutput.swift */,
				49CB94941B3341D50E1672AF /* ProductsViewController.swift */,
			);
			path = View;
			sourceTree = "<group>";
		};
		4D933DCA2223484795647200 /* Frameworks */ = {
			isa = PBXGroup;
			children = (
				F49478C970F9CEE007E03A89 /* Pods_ViperApp.framework */,
			);
			name = Frameworks;
			sourceTree = "<group>";
		};
		4FCE3A469E7A2842D5B48377 /* Configurator */ = {
			isa = PBXGroup;
			children = (
				3A43C6640279998D4BCE340C /* SettingsConfigurator.swift */,
				1DB27782AC923FC449B087FE /* SettingsInitializer.swift */,
			);
			path = Configurator;
			sourceTree = "<group>";
		};
		5C34B9EC9BC985E38182DD24 /* Interactor */ = {
			isa = PBXGroup;
			children = (
				C6B214B933DF3A5AA8A5C500 /* ProductsInteractorInput.swift */,
				06407C64FE70BFA9DA406A40 /* ProductsInteractorOutput.swift */,
				2F657275A0E64741076B12BD /* ProductsInteractor.swift */,
			);
			path = Interactor;
			sourceTree = "<group>";
		};
		612BF331AE29B05C446013E9 /* Profile */ = {
			isa = PBXGroup;
			children = (
				185C3E6220DA342200A4AAC5 /* Profile.storyboard */,
				7E92EEC2F8B0F545EAF3BC97 /* View */,
				26EEB96E19D5FAEE72AC7A6D /* Presenter */,
				7AD596EB481611A2301EE489 /* Interactor */,
				8223DC46647F5DF318E60E47 /* Router */,
				BCC6D76255F0F09912BF08BF /* Configurator */,
			);
			path = Profile;
			sourceTree = "<group>";
		};
		67D41F7820D97A4800FF12E5 = {
			isa = PBXGroup;
			children = (
				67D41F8320D97A4800FF12E5 /* ViperApp */,
				67D41F8220D97A4800FF12E5 /* Products */,
				0FCABE8E9FDD85A26644FC85 /* Pods */,
				4D933DCA2223484795647200 /* Frameworks */,
			);
			sourceTree = "<group>";
		};
		67D41F8220D97A4800FF12E5 /* Products */ = {
			isa = PBXGroup;
			children = (
				67D41F8120D97A4800FF12E5 /* ViperApp.app */,
			);
			name = Products;
			sourceTree = "<group>";
		};
		67D41F8320D97A4800FF12E5 /* ViperApp */ = {
			isa = PBXGroup;
			children = (
				67D41F9920D97D7200FF12E5 /* Enums */,
				67D41F9820D97D6E00FF12E5 /* Models */,
				67D41F9720D97D6900FF12E5 /* Extensions */,
				67D41F9620D97D6300FF12E5 /* Common */,
				67D41F8420D97A4800FF12E5 /* AppDelegate.swift */,
				67D41F8620D97A4800FF12E5 /* ViewController.swift */,
				67D41F8820D97A4800FF12E5 /* Main.storyboard */,
				67D41F8B20D97A4800FF12E5 /* Assets.xcassets */,
				67D41F8D20D97A4800FF12E5 /* LaunchScreen.storyboard */,
				67D41F9020D97A4800FF12E5 /* Info.plist */,
				957C056030EB324EB3B2DFCA /* Modules */,
			);
			path = ViperApp;
			sourceTree = "<group>";
		};
		67D41F9620D97D6300FF12E5 /* Common */ = {
			isa = PBXGroup;
			children = (
				67D41F9E20D983C100FF12E5 /* Common.storyboard */,
			);
			path = Common;
			sourceTree = "<group>";
		};
		67D41F9720D97D6900FF12E5 /* Extensions */ = {
			isa = PBXGroup;
			children = (
				67D41F9C20D97E0C00FF12E5 /* UIViewController+Extension.swift */,
			);
			path = Extensions;
			sourceTree = "<group>";
		};
		67D41F9820D97D6E00FF12E5 /* Models */ = {
			isa = PBXGroup;
			children = (
			);
			path = Models;
			sourceTree = "<group>";
		};
		67D41F9920D97D7200FF12E5 /* Enums */ = {
			isa = PBXGroup;
			children = (
				67D41F9A20D97DD300FF12E5 /* Storyboards.swift */,
				67F4ED4120D9A92A008C6ED0 /* TabBarItemType.swift */,
				185C3E6420DA4D4000A4AAC5 /* ProductType.swift */,
			);
			path = Enums;
			sourceTree = "<group>";
		};
		67F4ED3420D9A0B7008C6ED0 /* Root */ = {
			isa = PBXGroup;
			children = (
				67F4ED3520D9A0D6008C6ED0 /* RootRouterProtocol.swift */,
				67F4ED3720D9A0DC008C6ED0 /* RootRouter.swift */,
			);
			path = Root;
			sourceTree = "<group>";
		};
		6E6E86BB5FCF276613DAA71E /* Presenter */ = {
			isa = PBXGroup;
			children = (
				94D5AC976055E26758B3614F /* ProductsModuleInput.swift */,
				8C8879A0676DC2DDC8547BE4 /* ProductsPresenter.swift */,
			);
			path = Presenter;
			sourceTree = "<group>";
		};
		7AD596EB481611A2301EE489 /* Interactor */ = {
			isa = PBXGroup;
			children = (
				0304DBD5A88A0CEFA98870C4 /* ProfileInteractorInput.swift */,
				40FD20EC37C7077561F6389C /* ProfileInteractorOutput.swift */,
				8DEAD6BE4339FD4B4B64C465 /* ProfileInteractor.swift */,
			);
			path = Interactor;
			sourceTree = "<group>";
		};
		7E92EEC2F8B0F545EAF3BC97 /* View */ = {
			isa = PBXGroup;
			children = (
				656BB2F70B000EF85F91568B /* ProfileViewInput.swift */,
				BD993329865DA973CA0378EC /* ProfileViewOutput.swift */,
				88673C7FCAAF21D54B0B5E43 /* ProfileViewController.swift */,
			);
			path = View;
			sourceTree = "<group>";
		};
		8223DC46647F5DF318E60E47 /* Router */ = {
			isa = PBXGroup;
			children = (
				E18F2108D414DD781BD6BE41 /* ProfileRouterInput.swift */,
				76B6FA011201EC92D36D2683 /* ProfileRouter.swift */,
			);
			path = Router;
			sourceTree = "<group>";
		};
		8B0D09DBE3C8DA916252E03D /* View */ = {
			isa = PBXGroup;
			children = (
				185C3E6620DA868400A4AAC5 /* HomeViewController.swift */,
			);
			path = View;
			sourceTree = "<group>";
		};
		957C056030EB324EB3B2DFCA /* Modules */ = {
			isa = PBXGroup;
			children = (
				18BE8FA720DCE4F4009660C4 /* ProductsPager */,
				67F4ED3420D9A0B7008C6ED0 /* Root */,
				11719A733ECE39B1C46DE681 /* Home */,
				9B27A25BFAF36DDAD87B9B94 /* Products */,
				E7F78761749D5353AD35182E /* Settings */,
				612BF331AE29B05C446013E9 /* Profile */,
			);
			path = Modules;
			sourceTree = "<group>";
		};
		99CE7D0419115347B2CEE908 /* Router */ = {
			isa = PBXGroup;
			children = (
				9F5D9190EFC73C3D1C2E6C0A /* ProductsRouterInput.swift */,
				58C66842CDEDB66C11607770 /* ProductsRouter.swift */,
			);
			path = Router;
			sourceTree = "<group>";
		};
		9B27A25BFAF36DDAD87B9B94 /* Products */ = {
			isa = PBXGroup;
			children = (
				67F4ED3B20D9A67A008C6ED0 /* Product.storyboard */,
				2BA25D5903A1DE998B5136C4 /* View */,
				6E6E86BB5FCF276613DAA71E /* Presenter */,
				5C34B9EC9BC985E38182DD24 /* Interactor */,
				99CE7D0419115347B2CEE908 /* Router */,
				E2B220F9839C866934C96729 /* Configurator */,
			);
			path = Products;
			sourceTree = "<group>";
		};
		9DBECE38ECE7E7C2CBABC8E8 /* Presenter */ = {
			isa = PBXGroup;
			children = (
				737F047185A11C688424991E /* SettingsModuleInput.swift */,
				9D6032F3429D43EBC2645822 /* SettingsPresenter.swift */,
			);
			path = Presenter;
			sourceTree = "<group>";
		};
		A7561C15DEAC35D4B8A7505F /* View */ = {
			isa = PBXGroup;
			children = (
				ADBF39B4430EF7375B1C2654 /* SettingsViewInput.swift */,
				BF33DFB5739ADCDE78E32152 /* SettingsViewOutput.swift */,
				E46A03EA655C5757041C2E15 /* SettingsViewController.swift */,
			);
			path = View;
			sourceTree = "<group>";
		};
		BCC6D76255F0F09912BF08BF /* Configurator */ = {
			isa = PBXGroup;
			children = (
				DEBD9CF9284A0FA3395B15BE /* ProfileConfigurator.swift */,
				74C6A59F01297EC44579B54A /* ProfileInitializer.swift */,
			);
			path = Configurator;
			sourceTree = "<group>";
		};
		DEFD9A99AAD00757618C50EA /* Interactor */ = {
			isa = PBXGroup;
			children = (
				E26C41B2A4BCD6C0D406C3ED /* SettingsInteractorInput.swift */,
				0DABF62A3AC6C0C2DC87EB3C /* SettingsInteractorOutput.swift */,
				8AAD28FD079825E1F22D0DCA /* SettingsInteractor.swift */,
			);
			path = Interactor;
			sourceTree = "<group>";
		};
		E2B220F9839C866934C96729 /* Configurator */ = {
			isa = PBXGroup;
			children = (
				38E7AE25D168E24F2C541981 /* ProductsConfigurator.swift */,
				2B30B7D315C3D65656F7C1DA /* ProductsInitializer.swift */,
			);
			path = Configurator;
			sourceTree = "<group>";
		};
		E7F78761749D5353AD35182E /* Settings */ = {
			isa = PBXGroup;
			children = (
				185C3E6020DA301700A4AAC5 /* Settings.storyboard */,
				A7561C15DEAC35D4B8A7505F /* View */,
				9DBECE38ECE7E7C2CBABC8E8 /* Presenter */,
				DEFD9A99AAD00757618C50EA /* Interactor */,
				F97B9C2FF12B2C4E9762AADD /* Router */,
				4FCE3A469E7A2842D5B48377 /* Configurator */,
			);
			path = Settings;
			sourceTree = "<group>";
		};
		F97B9C2FF12B2C4E9762AADD /* Router */ = {
			isa = PBXGroup;
			children = (
				6C21367C421260B67C21BC12 /* SettingsRouterInput.swift */,
				562453BBF249F0F8C9C357EA /* SettingsRouter.swift */,
			);
			path = Router;
			sourceTree = "<group>";
		};
/* End PBXGroup section */

/* Begin PBXNativeTarget section */
		67D41F8020D97A4800FF12E5 /* ViperApp */ = {
			isa = PBXNativeTarget;
			buildConfigurationList = 67D41F9320D97A4800FF12E5 /* Build configuration list for PBXNativeTarget "ViperApp" */;
			buildPhases = (
				59AABF689E6817BD07CF5438 /* [CP] Check Pods Manifest.lock */,
				67D41F7D20D97A4800FF12E5 /* Sources */,
				67D41F7E20D97A4800FF12E5 /* Frameworks */,
				67D41F7F20D97A4800FF12E5 /* Resources */,
			);
			buildRules = (
			);
			dependencies = (
			);
			name = ViperApp;
			productName = ViperApp;
			productReference = 67D41F8120D97A4800FF12E5 /* ViperApp.app */;
			productType = "com.apple.product-type.application";
		};
/* End PBXNativeTarget section */

/* Begin PBXProject section */
		67D41F7920D97A4800FF12E5 /* Project object */ = {
			isa = PBXProject;
			attributes = {
				LastSwiftUpdateCheck = 0920;
				LastUpgradeCheck = 0920;
				ORGANIZATIONNAME = "it's muffin time";
				TargetAttributes = {
					67D41F8020D97A4800FF12E5 = {
						CreatedOnToolsVersion = 9.2;
						ProvisioningStyle = Automatic;
					};
				};
			};
			buildConfigurationList = 67D41F7C20D97A4800FF12E5 /* Build configuration list for PBXProject "ViperApp" */;
			compatibilityVersion = "Xcode 8.0";
			developmentRegion = en;
			hasScannedForEncodings = 0;
			knownRegions = (
				en,
				Base,
			);
			mainGroup = 67D41F7820D97A4800FF12E5;
			productRefGroup = 67D41F8220D97A4800FF12E5 /* Products */;
			projectDirPath = "";
			projectRoot = "";
			targets = (
				67D41F8020D97A4800FF12E5 /* ViperApp */,
			);
		};
/* End PBXProject section */

/* Begin PBXResourcesBuildPhase section */
		67D41F7F20D97A4800FF12E5 /* Resources */ = {
			isa = PBXResourcesBuildPhase;
			buildActionMask = 2147483647;
			files = (
				67D41F8F20D97A4800FF12E5 /* LaunchScreen.storyboard in Resources */,
				185C3E6320DA342200A4AAC5 /* Profile.storyboard in Resources */,
				67D41F9F20D983C100FF12E5 /* Common.storyboard in Resources */,
				67D41F8C20D97A4800FF12E5 /* Assets.xcassets in Resources */,
				67F4ED3C20D9A67A008C6ED0 /* Product.storyboard in Resources */,
				67D41F8A20D97A4800FF12E5 /* Main.storyboard in Resources */,
				185C3E6120DA301700A4AAC5 /* Settings.storyboard in Resources */,
			);
			runOnlyForDeploymentPostprocessing = 0;
		};
/* End PBXResourcesBuildPhase section */

/* Begin PBXShellScriptBuildPhase section */
		59AABF689E6817BD07CF5438 /* [CP] Check Pods Manifest.lock */ = {
			isa = PBXShellScriptBuildPhase;
			buildActionMask = 2147483647;
			files = (
			);
			inputPaths = (
				"${PODS_PODFILE_DIR_PATH}/Podfile.lock",
				"${PODS_ROOT}/Manifest.lock",
			);
			name = "[CP] Check Pods Manifest.lock";
			outputPaths = (
				"$(DERIVED_FILE_DIR)/Pods-ViperApp-checkManifestLockResult.txt",
			);
			runOnlyForDeploymentPostprocessing = 0;
			shellPath = /bin/sh;
			shellScript = "diff \"${PODS_PODFILE_DIR_PATH}/Podfile.lock\" \"${PODS_ROOT}/Manifest.lock\" > /dev/null\nif [ $? != 0 ] ; then\n    # print error to STDERR\n    echo \"error: The sandbox is not in sync with the Podfile.lock. Run 'pod install' or update your CocoaPods installation.\" >&2\n    exit 1\nfi\n# This output is used by Xcode 'outputs' to avoid re-running this script phase.\necho \"SUCCESS\" > \"${SCRIPT_OUTPUT_FILE_0}\"\n";
			showEnvVarsInLog = 0;
		};
/* End PBXShellScriptBuildPhase section */

/* Begin PBXSourcesBuildPhase section */
		67D41F7D20D97A4800FF12E5 /* Sources */ = {
			isa = PBXSourcesBuildPhase;
			buildActionMask = 2147483647;
			files = (
				67D41F9D20D97E0C00FF12E5 /* UIViewController+Extension.swift in Sources */,
				18BE8FAF20DCE55D009660C4 /* ProductsPagerRouterInput.swift in Sources */,
				67D41F8720D97A4800FF12E5 /* ViewController.swift in Sources */,
				67D41F8520D97A4800FF12E5 /* AppDelegate.swift in Sources */,
				67F4ED3820D9A0DC008C6ED0 /* RootRouter.swift in Sources */,
				67F4ED4420D9A9B1008C6ED0 /* HomeTabBarItemRouterProtocol.swift in Sources */,
				18BE8FB120DCE62B009660C4 /* PagerItemProtocol.swift in Sources */,
				67D41F9B20D97DD300FF12E5 /* Storyboards.swift in Sources */,
				67F4ED3620D9A0D6008C6ED0 /* RootRouterProtocol.swift in Sources */,
				DDEB3D56841F7189BD8B5296 /* HomeRouter.swift in Sources */,
				18BE8FAB20DCE51B009660C4 /* ProductsPagerViewController.swift in Sources */,
				B560D75E6770262C880CB93A /* ProductsViewInput.swift in Sources */,
				24F97E276F5AFF810D3305DB /* ProductsViewOutput.swift in Sources */,
				A1759614BA98C5B1D7E69596 /* ProductsViewController.swift in Sources */,
				185C3E6720DA868400A4AAC5 /* HomeViewController.swift in Sources */,
				9C59B8E7772FF735842746D0 /* ProductsModuleInput.swift in Sources */,
				7112193CB64C3CF605715864 /* ProductsPresenter.swift in Sources */,
				67F4ED4020D9A90F008C6ED0 /* HomeRouterDelegate.swift in Sources */,
				CD519D607C75913F567510BB /* ProductsInteractorInput.swift in Sources */,
				6D316707D530AAEBBD1E0FA5 /* ProductsInteractorOutput.swift in Sources */,
				6369353393746FAA2E5E0FD1 /* ProductsInteractor.swift in Sources */,
				004555CE929B911788273CA7 /* ProductsRouterInput.swift in Sources */,
				B0BF6D1F92D541F1C22EAA5C /* ProductsRouter.swift in Sources */,
				70153757308AAF6C8E958190 /* ProductsConfigurator.swift in Sources */,
				67F4ED4220D9A92A008C6ED0 /* TabBarItemType.swift in Sources */,
				9F303A82FBCCC19616B337E6 /* ProductsInitializer.swift in Sources */,
				AC87E351BE80D30B2561739D /* SettingsViewInput.swift in Sources */,
				5BEF67C5260BF31DE9D17D22 /* SettingsViewOutput.swift in Sources */,
				E817B1013AAF1ABCE810A01C /* SettingsViewController.swift in Sources */,
				B5264C84512305AAF43BA86E /* SettingsModuleInput.swift in Sources */,
				60C966A32E713A07CE6ABCBA /* SettingsPresenter.swift in Sources */,
				1CF515B9703BD2CB6C31174B /* SettingsInteractorInput.swift in Sources */,
				D200C2E5331E286F81B8825D /* SettingsInteractorOutput.swift in Sources */,
				F7F0476C44633B7F6BE3661C /* SettingsInteractor.swift in Sources */,
				8D6CE3BB0B3FC5F15850C563 /* SettingsRouterInput.swift in Sources */,
				B095B4A4E04C677A043ED780 /* SettingsRouter.swift in Sources */,
				706C78D27ED292354E644980 /* SettingsConfigurator.swift in Sources */,
				F4DD40EC40030E04BC3E3593 /* SettingsInitializer.swift in Sources */,
				A088345AA2E282DF4F49B96B /* ProfileViewInput.swift in Sources */,
				C5B875FE2D09F55E807F0198 /* ProfileViewOutput.swift in Sources */,
				185C3E6520DA4D4000A4AAC5 /* ProductType.swift in Sources */,
				41E4451412FABCDD2E57B6EF /* ProfileViewController.swift in Sources */,
				4F8FEDE21725AF11CA70FBC3 /* ProfileModuleInput.swift in Sources */,
				BB53DB1C76BDB956006BDAE3 /* ProfilePresenter.swift in Sources */,
				927BF58249E4C38E93D5AD18 /* ProfileInteractorInput.swift in Sources */,
				31AABB5F1301C4848D8D2215 /* ProfileInteractorOutput.swift in Sources */,
				3A7CBDA4D591B0D4EE5ADEBC /* ProfileInteractor.swift in Sources */,
				B59E3A7094AF73E00169DFCF /* ProfileRouterInput.swift in Sources */,
				C24BB7F9270C855BA356DC8B /* ProfileRouter.swift in Sources */,
				18BE8FA920DCE507009660C4 /* ProductsPagerRouter.swift in Sources */,
				7CB04E4575BE67FB41C4865A /* ProfileConfigurator.swift in Sources */,
				9D82435F6E8AA89D903CC97B /* ProfileInitializer.swift in Sources */,
			);
			runOnlyForDeploymentPostprocessing = 0;
		};
/* End PBXSourcesBuildPhase section */

/* Begin PBXVariantGroup section */
		67D41F8820D97A4800FF12E5 /* Main.storyboard */ = {
			isa = PBXVariantGroup;
			children = (
				67D41F8920D97A4800FF12E5 /* Base */,
			);
			name = Main.storyboard;
			sourceTree = "<group>";
		};
		67D41F8D20D97A4800FF12E5 /* LaunchScreen.storyboard */ = {
			isa = PBXVariantGroup;
			children = (
				67D41F8E20D97A4800FF12E5 /* Base */,
			);
			name = LaunchScreen.storyboard;
			sourceTree = "<group>";
		};
/* End PBXVariantGroup section */

/* Begin XCBuildConfiguration section */
		67D41F9120D97A4800FF12E5 /* Debug */ = {
			isa = XCBuildConfiguration;
			buildSettings = {
				ALWAYS_SEARCH_USER_PATHS = NO;
				CLANG_ANALYZER_NONNULL = YES;
				CLANG_ANALYZER_NUMBER_OBJECT_CONVERSION = YES_AGGRESSIVE;
				CLANG_CXX_LANGUAGE_STANDARD = "gnu++14";
				CLANG_CXX_LIBRARY = "libc++";
				CLANG_ENABLE_MODULES = YES;
				CLANG_ENABLE_OBJC_ARC = YES;
				CLANG_WARN_BLOCK_CAPTURE_AUTORELEASING = YES;
				CLANG_WARN_BOOL_CONVERSION = YES;
				CLANG_WARN_COMMA = YES;
				CLANG_WARN_CONSTANT_CONVERSION = YES;
				CLANG_WARN_DIRECT_OBJC_ISA_USAGE = YES_ERROR;
				CLANG_WARN_DOCUMENTATION_COMMENTS = YES;
				CLANG_WARN_EMPTY_BODY = YES;
				CLANG_WARN_ENUM_CONVERSION = YES;
				CLANG_WARN_INFINITE_RECURSION = YES;
				CLANG_WARN_INT_CONVERSION = YES;
				CLANG_WARN_NON_LITERAL_NULL_CONVERSION = YES;
				CLANG_WARN_OBJC_LITERAL_CONVERSION = YES;
				CLANG_WARN_OBJC_ROOT_CLASS = YES_ERROR;
				CLANG_WARN_RANGE_LOOP_ANALYSIS = YES;
				CLANG_WARN_STRICT_PROTOTYPES = YES;
				CLANG_WARN_SUSPICIOUS_MOVE = YES;
				CLANG_WARN_UNGUARDED_AVAILABILITY = YES_AGGRESSIVE;
				CLANG_WARN_UNREACHABLE_CODE = YES;
				CLANG_WARN__DUPLICATE_METHOD_MATCH = YES;
				CODE_SIGN_IDENTITY = "iPhone Developer";
				COPY_PHASE_STRIP = NO;
				DEBUG_INFORMATION_FORMAT = dwarf;
				ENABLE_STRICT_OBJC_MSGSEND = YES;
				ENABLE_TESTABILITY = YES;
				GCC_C_LANGUAGE_STANDARD = gnu11;
				GCC_DYNAMIC_NO_PIC = NO;
				GCC_NO_COMMON_BLOCKS = YES;
				GCC_OPTIMIZATION_LEVEL = 0;
				GCC_PREPROCESSOR_DEFINITIONS = (
					"DEBUG=1",
					"$(inherited)",
				);
				GCC_WARN_64_TO_32_BIT_CONVERSION = YES;
				GCC_WARN_ABOUT_RETURN_TYPE = YES_ERROR;
				GCC_WARN_UNDECLARED_SELECTOR = YES;
				GCC_WARN_UNINITIALIZED_AUTOS = YES_AGGRESSIVE;
				GCC_WARN_UNUSED_FUNCTION = YES;
				GCC_WARN_UNUSED_VARIABLE = YES;
				IPHONEOS_DEPLOYMENT_TARGET = 11.2;
				MTL_ENABLE_DEBUG_INFO = YES;
				ONLY_ACTIVE_ARCH = YES;
				SDKROOT = iphoneos;
				SWIFT_ACTIVE_COMPILATION_CONDITIONS = DEBUG;
				SWIFT_OPTIMIZATION_LEVEL = "-Onone";
				SWIFT_VERSION = 4.0;
			};
			name = Debug;
		};
		67D41F9220D97A4800FF12E5 /* Release */ = {
			isa = XCBuildConfiguration;
			buildSettings = {
				ALWAYS_SEARCH_USER_PATHS = NO;
				CLANG_ANALYZER_NONNULL = YES;
				CLANG_ANALYZER_NUMBER_OBJECT_CONVERSION = YES_AGGRESSIVE;
				CLANG_CXX_LANGUAGE_STANDARD = "gnu++14";
				CLANG_CXX_LIBRARY = "libc++";
				CLANG_ENABLE_MODULES = YES;
				CLANG_ENABLE_OBJC_ARC = YES;
				CLANG_WARN_BLOCK_CAPTURE_AUTORELEASING = YES;
				CLANG_WARN_BOOL_CONVERSION = YES;
				CLANG_WARN_COMMA = YES;
				CLANG_WARN_CONSTANT_CONVERSION = YES;
				CLANG_WARN_DIRECT_OBJC_ISA_USAGE = YES_ERROR;
				CLANG_WARN_DOCUMENTATION_COMMENTS = YES;
				CLANG_WARN_EMPTY_BODY = YES;
				CLANG_WARN_ENUM_CONVERSION = YES;
				CLANG_WARN_INFINITE_RECURSION = YES;
				CLANG_WARN_INT_CONVERSION = YES;
				CLANG_WARN_NON_LITERAL_NULL_CONVERSION = YES;
				CLANG_WARN_OBJC_LITERAL_CONVERSION = YES;
				CLANG_WARN_OBJC_ROOT_CLASS = YES_ERROR;
				CLANG_WARN_RANGE_LOOP_ANALYSIS = YES;
				CLANG_WARN_STRICT_PROTOTYPES = YES;
				CLANG_WARN_SUSPICIOUS_MOVE = YES;
				CLANG_WARN_UNGUARDED_AVAILABILITY = YES_AGGRESSIVE;
				CLANG_WARN_UNREACHABLE_CODE = YES;
				CLANG_WARN__DUPLICATE_METHOD_MATCH = YES;
				CODE_SIGN_IDENTITY = "iPhone Developer";
				COPY_PHASE_STRIP = NO;
				DEBUG_INFORMATION_FORMAT = "dwarf-with-dsym";
				ENABLE_NS_ASSERTIONS = NO;
				ENABLE_STRICT_OBJC_MSGSEND = YES;
				GCC_C_LANGUAGE_STANDARD = gnu11;
				GCC_NO_COMMON_BLOCKS = YES;
				GCC_WARN_64_TO_32_BIT_CONVERSION = YES;
				GCC_WARN_ABOUT_RETURN_TYPE = YES_ERROR;
				GCC_WARN_UNDECLARED_SELECTOR = YES;
				GCC_WARN_UNINITIALIZED_AUTOS = YES_AGGRESSIVE;
				GCC_WARN_UNUSED_FUNCTION = YES;
				GCC_WARN_UNUSED_VARIABLE = YES;
				IPHONEOS_DEPLOYMENT_TARGET = 11.2;
				MTL_ENABLE_DEBUG_INFO = NO;
				SDKROOT = iphoneos;
				SWIFT_OPTIMIZATION_LEVEL = "-Owholemodule";
				SWIFT_VERSION = 4.0;
				VALIDATE_PRODUCT = YES;
			};
			name = Release;
		};
		67D41F9420D97A4800FF12E5 /* Debug */ = {
			isa = XCBuildConfiguration;
			baseConfigurationReference = 76BE1447D9B2009563867580 /* Pods-ViperApp.debug.xcconfig */;
			buildSettings = {
				ASSETCATALOG_COMPILER_APPICON_NAME = AppIcon;
				CODE_SIGN_STYLE = Automatic;
				DEVELOPMENT_TEAM = XEM8CB6WWR;
				INFOPLIST_FILE = ViperApp/Info.plist;
				LD_RUNPATH_SEARCH_PATHS = "$(inherited) @executable_path/Frameworks";
				PRODUCT_BUNDLE_IDENTIFIER = itsmuffintime.ViperApp;
				PRODUCT_NAME = "$(TARGET_NAME)";
				SWIFT_VERSION = 4.0;
				TARGETED_DEVICE_FAMILY = "1,2";
			};
			name = Debug;
		};
		67D41F9520D97A4800FF12E5 /* Release */ = {
			isa = XCBuildConfiguration;
			baseConfigurationReference = B166D8F798FE21192E838CDE /* Pods-ViperApp.release.xcconfig */;
			buildSettings = {
				ASSETCATALOG_COMPILER_APPICON_NAME = AppIcon;
				CODE_SIGN_STYLE = Automatic;
				DEVELOPMENT_TEAM = XEM8CB6WWR;
				INFOPLIST_FILE = ViperApp/Info.plist;
				LD_RUNPATH_SEARCH_PATHS = "$(inherited) @executable_path/Frameworks";
				PRODUCT_BUNDLE_IDENTIFIER = itsmuffintime.ViperApp;
				PRODUCT_NAME = "$(TARGET_NAME)";
				SWIFT_VERSION = 4.0;
				TARGETED_DEVICE_FAMILY = "1,2";
			};
			name = Release;
		};
/* End XCBuildConfiguration section */

/* Begin XCConfigurationList section */
		67D41F7C20D97A4800FF12E5 /* Build configuration list for PBXProject "ViperApp" */ = {
			isa = XCConfigurationList;
			buildConfigurations = (
				67D41F9120D97A4800FF12E5 /* Debug */,
				67D41F9220D97A4800FF12E5 /* Release */,
			);
			defaultConfigurationIsVisible = 0;
			defaultConfigurationName = Release;
		};
		67D41F9320D97A4800FF12E5 /* Build configuration list for PBXNativeTarget "ViperApp" */ = {
			isa = XCConfigurationList;
			buildConfigurations = (
				67D41F9420D97A4800FF12E5 /* Debug */,
				67D41F9520D97A4800FF12E5 /* Release */,
			);
			defaultConfigurationIsVisible = 0;
			defaultConfigurationName = Release;
		};
/* End XCConfigurationList section */
	};
	rootObject = 67D41F7920D97A4800FF12E5 /* Project object */;
}
