// !$*UTF8*$!
{
	archiveVersion = 1;
	classes = {
	};
	objectVersion = 48;
	objects = {

/* Begin PBXBuildFile section */
		2F7275A7D01BF11752E4D1A2 /* Pods_ViperApp.framework in Frameworks */ = {isa = PBXBuildFile; fileRef = F49478C970F9CEE007E03A89 /* Pods_ViperApp.framework */; };
		67D41F8520D97A4800FF12E5 /* AppDelegate.swift in Sources */ = {isa = PBXBuildFile; fileRef = 67D41F8420D97A4800FF12E5 /* AppDelegate.swift */; };
		67D41F8720D97A4800FF12E5 /* ViewController.swift in Sources */ = {isa = PBXBuildFile; fileRef = 67D41F8620D97A4800FF12E5 /* ViewController.swift */; };
		67D41F8A20D97A4800FF12E5 /* Main.storyboard in Resources */ = {isa = PBXBuildFile; fileRef = 67D41F8820D97A4800FF12E5 /* Main.storyboard */; };
		67D41F8C20D97A4800FF12E5 /* Assets.xcassets in Resources */ = {isa = PBXBuildFile; fileRef = 67D41F8B20D97A4800FF12E5 /* Assets.xcassets */; };
		67D41F8F20D97A4800FF12E5 /* LaunchScreen.storyboard in Resources */ = {isa = PBXBuildFile; fileRef = 67D41F8D20D97A4800FF12E5 /* LaunchScreen.storyboard */; };
/* End PBXBuildFile section */

/* Begin PBXFileReference section */
		67D41F8120D97A4800FF12E5 /* ViperApp.app */ = {isa = PBXFileReference; explicitFileType = wrapper.application; includeInIndex = 0; path = ViperApp.app; sourceTree = BUILT_PRODUCTS_DIR; };
		67D41F8420D97A4800FF12E5 /* AppDelegate.swift */ = {isa = PBXFileReference; lastKnownFileType = sourcecode.swift; path = AppDelegate.swift; sourceTree = "<group>"; };
		67D41F8620D97A4800FF12E5 /* ViewController.swift */ = {isa = PBXFileReference; lastKnownFileType = sourcecode.swift; path = ViewController.swift; sourceTree = "<group>"; };
		67D41F8920D97A4800FF12E5 /* Base */ = {isa = PBXFileReference; lastKnownFileType = file.storyboard; name = Base; path = Base.lproj/Main.storyboard; sourceTree = "<group>"; };
		67D41F8B20D97A4800FF12E5 /* Assets.xcassets */ = {isa = PBXFileReference; lastKnownFileType = folder.assetcatalog; path = Assets.xcassets; sourceTree = "<group>"; };
		67D41F8E20D97A4800FF12E5 /* Base */ = {isa = PBXFileReference; lastKnownFileType = file.storyboard; name = Base; path = Base.lproj/LaunchScreen.storyboard; sourceTree = "<group>"; };
		67D41F9020D97A4800FF12E5 /* Info.plist */ = {isa = PBXFileReference; lastKnownFileType = text.plist.xml; path = Info.plist; sourceTree = "<group>"; };
		76BE1447D9B2009563867580 /* Pods-ViperApp.debug.xcconfig */ = {isa = PBXFileReference; includeInIndex = 1; lastKnownFileType = text.xcconfig; name = "Pods-ViperApp.debug.xcconfig"; path = "Pods/Target Support Files/Pods-ViperApp/Pods-ViperApp.debug.xcconfig"; sourceTree = "<group>"; };
		B166D8F798FE21192E838CDE /* Pods-ViperApp.release.xcconfig */ = {isa = PBXFileReference; includeInIndex = 1; lastKnownFileType = text.xcconfig; name = "Pods-ViperApp.release.xcconfig"; path = "Pods/Target Support Files/Pods-ViperApp/Pods-ViperApp.release.xcconfig"; sourceTree = "<group>"; };
		F49478C970F9CEE007E03A89 /* Pods_ViperApp.framework */ = {isa = PBXFileReference; explicitFileType = wrapper.framework; includeInIndex = 0; path = Pods_ViperApp.framework; sourceTree = BUILT_PRODUCTS_DIR; };
/* End PBXFileReference section */

/* Begin PBXFrameworksBuildPhase section */
		67D41F7E20D97A4800FF12E5 /* Frameworks */ = {
			isa = PBXFrameworksBuildPhase;
			buildActionMask = 2147483647;
			files = (
				2F7275A7D01BF11752E4D1A2 /* Pods_ViperApp.framework in Frameworks */,
			);
			runOnlyForDeploymentPostprocessing = 0;
		};
/* End PBXFrameworksBuildPhase section */

/* Begin PBXGroup section */
		0FCABE8E9FDD85A26644FC85 /* Pods */ = {
			isa = PBXGroup;
			children = (
				76BE1447D9B2009563867580 /* Pods-ViperApp.debug.xcconfig */,
				B166D8F798FE21192E838CDE /* Pods-ViperApp.release.xcconfig */,
			);
			name = Pods;
			sourceTree = "<group>";
		};
		4D933DCA2223484795647200 /* Frameworks */ = {
			isa = PBXGroup;
			children = (
				F49478C970F9CEE007E03A89 /* Pods_ViperApp.framework */,
			);
			name = Frameworks;
			sourceTree = "<group>";
		};
		67D41F7820D97A4800FF12E5 = {
			isa = PBXGroup;
			children = (
				67D41F8320D97A4800FF12E5 /* ViperApp */,
				67D41F8220D97A4800FF12E5 /* Products */,
				0FCABE8E9FDD85A26644FC85 /* Pods */,
				4D933DCA2223484795647200 /* Frameworks */,
			);
			sourceTree = "<group>";
		};
		67D41F8220D97A4800FF12E5 /* Products */ = {
			isa = PBXGroup;
			children = (
				67D41F8120D97A4800FF12E5 /* ViperApp.app */,
			);
			name = Products;
			sourceTree = "<group>";
		};
		67D41F8320D97A4800FF12E5 /* ViperApp */ = {
			isa = PBXGroup;
			children = (
				67D41F8420D97A4800FF12E5 /* AppDelegate.swift */,
				67D41F8620D97A4800FF12E5 /* ViewController.swift */,
				67D41F8820D97A4800FF12E5 /* Main.storyboard */,
				67D41F8B20D97A4800FF12E5 /* Assets.xcassets */,
				67D41F8D20D97A4800FF12E5 /* LaunchScreen.storyboard */,
				67D41F9020D97A4800FF12E5 /* Info.plist */,
			);
			path = ViperApp;
			sourceTree = "<group>";
		};
/* End PBXGroup section */

/* Begin PBXNativeTarget section */
		67D41F8020D97A4800FF12E5 /* ViperApp */ = {
			isa = PBXNativeTarget;
			buildConfigurationList = 67D41F9320D97A4800FF12E5 /* Build configuration list for PBXNativeTarget "ViperApp" */;
			buildPhases = (
				59AABF689E6817BD07CF5438 /* [CP] Check Pods Manifest.lock */,
				67D41F7D20D97A4800FF12E5 /* Sources */,
				67D41F7E20D97A4800FF12E5 /* Frameworks */,
				67D41F7F20D97A4800FF12E5 /* Resources */,
			);
			buildRules = (
			);
			dependencies = (
			);
			name = ViperApp;
			productName = ViperApp;
			productReference = 67D41F8120D97A4800FF12E5 /* ViperApp.app */;
			productType = "com.apple.product-type.application";
		};
/* End PBXNativeTarget section */

/* Begin PBXProject section */
		67D41F7920D97A4800FF12E5 /* Project object */ = {
			isa = PBXProject;
			attributes = {
				LastSwiftUpdateCheck = 0920;
				LastUpgradeCheck = 0920;
				ORGANIZATIONNAME = "it's muffin time";
				TargetAttributes = {
					67D41F8020D97A4800FF12E5 = {
						CreatedOnToolsVersion = 9.2;
						ProvisioningStyle = Automatic;
					};
				};
			};
			buildConfigurationList = 67D41F7C20D97A4800FF12E5 /* Build configuration list for PBXProject "ViperApp" */;
			compatibilityVersion = "Xcode 8.0";
			developmentRegion = en;
			hasScannedForEncodings = 0;
			knownRegions = (
				en,
				Base,
			);
			mainGroup = 67D41F7820D97A4800FF12E5;
			productRefGroup = 67D41F8220D97A4800FF12E5 /* Products */;
			projectDirPath = "";
			projectRoot = "";
			targets = (
				67D41F8020D97A4800FF12E5 /* ViperApp */,
			);
		};
/* End PBXProject section */

/* Begin PBXResourcesBuildPhase section */
		67D41F7F20D97A4800FF12E5 /* Resources */ = {
			isa = PBXResourcesBuildPhase;
			buildActionMask = 2147483647;
			files = (
				67D41F8F20D97A4800FF12E5 /* LaunchScreen.storyboard in Resources */,
				67D41F8C20D97A4800FF12E5 /* Assets.xcassets in Resources */,
				67D41F8A20D97A4800FF12E5 /* Main.storyboard in Resources */,
			);
			runOnlyForDeploymentPostprocessing = 0;
		};
/* End PBXResourcesBuildPhase section */

/* Begin PBXShellScriptBuildPhase section */
		59AABF689E6817BD07CF5438 /* [CP] Check Pods Manifest.lock */ = {
			isa = PBXShellScriptBuildPhase;
			buildActionMask = 2147483647;
			files = (
			);
			inputPaths = (
				"${PODS_PODFILE_DIR_PATH}/Podfile.lock",
				"${PODS_ROOT}/Manifest.lock",
			);
			name = "[CP] Check Pods Manifest.lock";
			outputPaths = (
				"$(DERIVED_FILE_DIR)/Pods-ViperApp-checkManifestLockResult.txt",
			);
			runOnlyForDeploymentPostprocessing = 0;
			shellPath = /bin/sh;
			shellScript = "diff \"${PODS_PODFILE_DIR_PATH}/Podfile.lock\" \"${PODS_ROOT}/Manifest.lock\" > /dev/null\nif [ $? != 0 ] ; then\n    # print error to STDERR\n    echo \"error: The sandbox is not in sync with the Podfile.lock. Run 'pod install' or update your CocoaPods installation.\" >&2\n    exit 1\nfi\n# This output is used by Xcode 'outputs' to avoid re-running this script phase.\necho \"SUCCESS\" > \"${SCRIPT_OUTPUT_FILE_0}\"\n";
			showEnvVarsInLog = 0;
		};
/* End PBXShellScriptBuildPhase section */

/* Begin PBXSourcesBuildPhase section */
		67D41F7D20D97A4800FF12E5 /* Sources */ = {
			isa = PBXSourcesBuildPhase;
			buildActionMask = 2147483647;
			files = (
				67D41F8720D97A4800FF12E5 /* ViewController.swift in Sources */,
				67D41F8520D97A4800FF12E5 /* AppDelegate.swift in Sources */,
			);
			runOnlyForDeploymentPostprocessing = 0;
		};
/* End PBXSourcesBuildPhase section */

/* Begin PBXVariantGroup section */
		67D41F8820D97A4800FF12E5 /* Main.storyboard */ = {
			isa = PBXVariantGroup;
			children = (
				67D41F8920D97A4800FF12E5 /* Base */,
			);
			name = Main.storyboard;
			sourceTree = "<group>";
		};
		67D41F8D20D97A4800FF12E5 /* LaunchScreen.storyboard */ = {
			isa = PBXVariantGroup;
			children = (
				67D41F8E20D97A4800FF12E5 /* Base */,
			);
			name = LaunchScreen.storyboard;
			sourceTree = "<group>";
		};
/* End PBXVariantGroup section */

/* Begin XCBuildConfiguration section */
		67D41F9120D97A4800FF12E5 /* Debug */ = {
			isa = XCBuildConfiguration;
			buildSettings = {
				ALWAYS_SEARCH_USER_PATHS = NO;
				CLANG_ANALYZER_NONNULL = YES;
				CLANG_ANALYZER_NUMBER_OBJECT_CONVERSION = YES_AGGRESSIVE;
				CLANG_CXX_LANGUAGE_STANDARD = "gnu++14";
				CLANG_CXX_LIBRARY = "libc++";
				CLANG_ENABLE_MODULES = YES;
				CLANG_ENABLE_OBJC_ARC = YES;
				CLANG_WARN_BLOCK_CAPTURE_AUTORELEASING = YES;
				CLANG_WARN_BOOL_CONVERSION = YES;
				CLANG_WARN_COMMA = YES;
				CLANG_WARN_CONSTANT_CONVERSION = YES;
				CLANG_WARN_DIRECT_OBJC_ISA_USAGE = YES_ERROR;
				CLANG_WARN_DOCUMENTATION_COMMENTS = YES;
				CLANG_WARN_EMPTY_BODY = YES;
				CLANG_WARN_ENUM_CONVERSION = YES;
				CLANG_WARN_INFINITE_RECURSION = YES;
				CLANG_WARN_INT_CONVERSION = YES;
				CLANG_WARN_NON_LITERAL_NULL_CONVERSION = YES;
				CLANG_WARN_OBJC_LITERAL_CONVERSION = YES;
				CLANG_WARN_OBJC_ROOT_CLASS = YES_ERROR;
				CLANG_WARN_RANGE_LOOP_ANALYSIS = YES;
				CLANG_WARN_STRICT_PROTOTYPES = YES;
				CLANG_WARN_SUSPICIOUS_MOVE = YES;
				CLANG_WARN_UNGUARDED_AVAILABILITY = YES_AGGRESSIVE;
				CLANG_WARN_UNREACHABLE_CODE = YES;
				CLANG_WARN__DUPLICATE_METHOD_MATCH = YES;
				CODE_SIGN_IDENTITY = "iPhone Developer";
				COPY_PHASE_STRIP = NO;
				DEBUG_INFORMATION_FORMAT = dwarf;
				ENABLE_STRICT_OBJC_MSGSEND = YES;
				ENABLE_TESTABILITY = YES;
				GCC_C_LANGUAGE_STANDARD = gnu11;
				GCC_DYNAMIC_NO_PIC = NO;
				GCC_NO_COMMON_BLOCKS = YES;
				GCC_OPTIMIZATION_LEVEL = 0;
				GCC_PREPROCESSOR_DEFINITIONS = (
					"DEBUG=1",
					"$(inherited)",
				);
				GCC_WARN_64_TO_32_BIT_CONVERSION = YES;
				GCC_WARN_ABOUT_RETURN_TYPE = YES_ERROR;
				GCC_WARN_UNDECLARED_SELECTOR = YES;
				GCC_WARN_UNINITIALIZED_AUTOS = YES_AGGRESSIVE;
				GCC_WARN_UNUSED_FUNCTION = YES;
				GCC_WARN_UNUSED_VARIABLE = YES;
				IPHONEOS_DEPLOYMENT_TARGET = 11.2;
				MTL_ENABLE_DEBUG_INFO = YES;
				ONLY_ACTIVE_ARCH = YES;
				SDKROOT = iphoneos;
				SWIFT_ACTIVE_COMPILATION_CONDITIONS = DEBUG;
				SWIFT_OPTIMIZATION_LEVEL = "-Onone";
			};
			name = Debug;
		};
		67D41F9220D97A4800FF12E5 /* Release */ = {
			isa = XCBuildConfiguration;
			buildSettings = {
				ALWAYS_SEARCH_USER_PATHS = NO;
				CLANG_ANALYZER_NONNULL = YES;
				CLANG_ANALYZER_NUMBER_OBJECT_CONVERSION = YES_AGGRESSIVE;
				CLANG_CXX_LANGUAGE_STANDARD = "gnu++14";
				CLANG_CXX_LIBRARY = "libc++";
				CLANG_ENABLE_MODULES = YES;
				CLANG_ENABLE_OBJC_ARC = YES;
				CLANG_WARN_BLOCK_CAPTURE_AUTORELEASING = YES;
				CLANG_WARN_BOOL_CONVERSION = YES;
				CLANG_WARN_COMMA = YES;
				CLANG_WARN_CONSTANT_CONVERSION = YES;
				CLANG_WARN_DIRECT_OBJC_ISA_USAGE = YES_ERROR;
				CLANG_WARN_DOCUMENTATION_COMMENTS = YES;
				CLANG_WARN_EMPTY_BODY = YES;
				CLANG_WARN_ENUM_CONVERSION = YES;
				CLANG_WARN_INFINITE_RECURSION = YES;
				CLANG_WARN_INT_CONVERSION = YES;
				CLANG_WARN_NON_LITERAL_NULL_CONVERSION = YES;
				CLANG_WARN_OBJC_LITERAL_CONVERSION = YES;
				CLANG_WARN_OBJC_ROOT_CLASS = YES_ERROR;
				CLANG_WARN_RANGE_LOOP_ANALYSIS = YES;
				CLANG_WARN_STRICT_PROTOTYPES = YES;
				CLANG_WARN_SUSPICIOUS_MOVE = YES;
				CLANG_WARN_UNGUARDED_AVAILABILITY = YES_AGGRESSIVE;
				CLANG_WARN_UNREACHABLE_CODE = YES;
				CLANG_WARN__DUPLICATE_METHOD_MATCH = YES;
				CODE_SIGN_IDENTITY = "iPhone Developer";
				COPY_PHASE_STRIP = NO;
				DEBUG_INFORMATION_FORMAT = "dwarf-with-dsym";
				ENABLE_NS_ASSERTIONS = NO;
				ENABLE_STRICT_OBJC_MSGSEND = YES;
				GCC_C_LANGUAGE_STANDARD = gnu11;
				GCC_NO_COMMON_BLOCKS = YES;
				GCC_WARN_64_TO_32_BIT_CONVERSION = YES;
				GCC_WARN_ABOUT_RETURN_TYPE = YES_ERROR;
				GCC_WARN_UNDECLARED_SELECTOR = YES;
				GCC_WARN_UNINITIALIZED_AUTOS = YES_AGGRESSIVE;
				GCC_WARN_UNUSED_FUNCTION = YES;
				GCC_WARN_UNUSED_VARIABLE = YES;
				IPHONEOS_DEPLOYMENT_TARGET = 11.2;
				MTL_ENABLE_DEBUG_INFO = NO;
				SDKROOT = iphoneos;
				SWIFT_OPTIMIZATION_LEVEL = "-Owholemodule";
				VALIDATE_PRODUCT = YES;
			};
			name = Release;
		};
		67D41F9420D97A4800FF12E5 /* Debug */ = {
			isa = XCBuildConfiguration;
			baseConfigurationReference = 76BE1447D9B2009563867580 /* Pods-ViperApp.debug.xcconfig */;
			buildSettings = {
				ASSETCATALOG_COMPILER_APPICON_NAME = AppIcon;
				CODE_SIGN_STYLE = Automatic;
				DEVELOPMENT_TEAM = XEM8CB6WWR;
				INFOPLIST_FILE = ViperApp/Info.plist;
				LD_RUNPATH_SEARCH_PATHS = "$(inherited) @executable_path/Frameworks";
				PRODUCT_BUNDLE_IDENTIFIER = itsmuffintime.ViperApp;
				PRODUCT_NAME = "$(TARGET_NAME)";
				SWIFT_VERSION = 4.0;
				TARGETED_DEVICE_FAMILY = "1,2";
			};
			name = Debug;
		};
		67D41F9520D97A4800FF12E5 /* Release */ = {
			isa = XCBuildConfiguration;
			baseConfigurationReference = B166D8F798FE21192E838CDE /* Pods-ViperApp.release.xcconfig */;
			buildSettings = {
				ASSETCATALOG_COMPILER_APPICON_NAME = AppIcon;
				CODE_SIGN_STYLE = Automatic;
				DEVELOPMENT_TEAM = XEM8CB6WWR;
				INFOPLIST_FILE = ViperApp/Info.plist;
				LD_RUNPATH_SEARCH_PATHS = "$(inherited) @executable_path/Frameworks";
				PRODUCT_BUNDLE_IDENTIFIER = itsmuffintime.ViperApp;
				PRODUCT_NAME = "$(TARGET_NAME)";
				SWIFT_VERSION = 4.0;
				TARGETED_DEVICE_FAMILY = "1,2";
			};
			name = Release;
		};
/* End XCBuildConfiguration section */

/* Begin XCConfigurationList section */
		67D41F7C20D97A4800FF12E5 /* Build configuration list for PBXProject "ViperApp" */ = {
			isa = XCConfigurationList;
			buildConfigurations = (
				67D41F9120D97A4800FF12E5 /* Debug */,
				67D41F9220D97A4800FF12E5 /* Release */,
			);
			defaultConfigurationIsVisible = 0;
			defaultConfigurationName = Release;
		};
		67D41F9320D97A4800FF12E5 /* Build configuration list for PBXNativeTarget "ViperApp" */ = {
			isa = XCConfigurationList;
			buildConfigurations = (
				67D41F9420D97A4800FF12E5 /* Debug */,
				67D41F9520D97A4800FF12E5 /* Release */,
			);
			defaultConfigurationIsVisible = 0;
			defaultConfigurationName = Release;
		};
/* End XCConfigurationList section */
	};
	rootObject = 67D41F7920D97A4800FF12E5 /* Project object */;
}
